// !$*UTF8*$!
{
	archiveVersion = 1;
	classes = {
	};
	objectVersion = 50;
	objects = {

/* Begin PBXBuildFile section */
		0573BF8421AD156E00CF3EF6 /* AppDelegate.swift in Sources */ = {isa = PBXBuildFile; fileRef = 0573BF8321AD156E00CF3EF6 /* AppDelegate.swift */; };
		0573BF8621AD156E00CF3EF6 /* PickerViewController.swift in Sources */ = {isa = PBXBuildFile; fileRef = 0573BF8521AD156E00CF3EF6 /* PickerViewController.swift */; };
		0573BF8921AD156E00CF3EF6 /* Main.storyboard in Resources */ = {isa = PBXBuildFile; fileRef = 0573BF8721AD156E00CF3EF6 /* Main.storyboard */; };
		0573BF8B21AD156E00CF3EF6 /* Assets.xcassets in Resources */ = {isa = PBXBuildFile; fileRef = 0573BF8A21AD156E00CF3EF6 /* Assets.xcassets */; };
		0573BF8E21AD156E00CF3EF6 /* LaunchScreen.storyboard in Resources */ = {isa = PBXBuildFile; fileRef = 0573BF8C21AD156E00CF3EF6 /* LaunchScreen.storyboard */; };
		0573BF9921AD156F00CF3EF6 /* brappleTests.swift in Sources */ = {isa = PBXBuildFile; fileRef = 0573BF9821AD156F00CF3EF6 /* brappleTests.swift */; };
		0573BFA421AD156F00CF3EF6 /* brappleUITests.swift in Sources */ = {isa = PBXBuildFile; fileRef = 0573BFA321AD156F00CF3EF6 /* brappleUITests.swift */; };
		05DED29821B475E3006D7F2B /* LogoViewController.swift in Sources */ = {isa = PBXBuildFile; fileRef = 05DED29721B475E3006D7F2B /* LogoViewController.swift */; };
		05DED29A21B4771F006D7F2B /* RecipeViewController.swift in Sources */ = {isa = PBXBuildFile; fileRef = 05DED29921B4771F006D7F2B /* RecipeViewController.swift */; };
		52DC9DB421B53DBC0020FF7A /* PreparationViewController.swift in Sources */ = {isa = PBXBuildFile; fileRef = 52DC9DB321B53DBC0020FF7A /* PreparationViewController.swift */; };
		52DC9DB821B54B920020FF7A /* MashingTippsViewController.swift in Sources */ = {isa = PBXBuildFile; fileRef = 52DC9DB721B54B920020FF7A /* MashingTippsViewController.swift */; };
		52DC9DBA21B54BB90020FF7A /* MashingViewController.swift in Sources */ = {isa = PBXBuildFile; fileRef = 52DC9DB921B54BB90020FF7A /* MashingViewController.swift */; };
		52DC9DBC21B54C410020FF7A /* HopReproducingTippsViewController.swift in Sources */ = {isa = PBXBuildFile; fileRef = 52DC9DBB21B54C410020FF7A /* HopReproducingTippsViewController.swift */; };
		52DC9DBE21B54C5A0020FF7A /* HopReproducingViewController.swift in Sources */ = {isa = PBXBuildFile; fileRef = 52DC9DBD21B54C5A0020FF7A /* HopReproducingViewController.swift */; };
		52DC9DC021B54CC70020FF7A /* FermentationViewController.swift in Sources */ = {isa = PBXBuildFile; fileRef = 52DC9DBF21B54CC70020FF7A /* FermentationViewController.swift */; };
		52DC9DC221B54CE00020FF7A /* MaturationViewController.swift in Sources */ = {isa = PBXBuildFile; fileRef = 52DC9DC121B54CE00020FF7A /* MaturationViewController.swift */; };
		52DC9DC421B54D060020FF7A /* CompletionViewController.swift in Sources */ = {isa = PBXBuildFile; fileRef = 52DC9DC321B54D060020FF7A /* CompletionViewController.swift */; };
/* End PBXBuildFile section */

/* Begin PBXContainerItemProxy section */
		0573BF9521AD156F00CF3EF6 /* PBXContainerItemProxy */ = {
			isa = PBXContainerItemProxy;
			containerPortal = 0573BF7821AD156E00CF3EF6 /* Project object */;
			proxyType = 1;
			remoteGlobalIDString = 0573BF7F21AD156E00CF3EF6;
			remoteInfo = brapple;
		};
		0573BFA021AD156F00CF3EF6 /* PBXContainerItemProxy */ = {
			isa = PBXContainerItemProxy;
			containerPortal = 0573BF7821AD156E00CF3EF6 /* Project object */;
			proxyType = 1;
			remoteGlobalIDString = 0573BF7F21AD156E00CF3EF6;
			remoteInfo = brapple;
		};
/* End PBXContainerItemProxy section */

/* Begin PBXFileReference section */
		0573BF8021AD156E00CF3EF6 /* brapple.app */ = {isa = PBXFileReference; explicitFileType = wrapper.application; includeInIndex = 0; path = brapple.app; sourceTree = BUILT_PRODUCTS_DIR; };
		0573BF8321AD156E00CF3EF6 /* AppDelegate.swift */ = {isa = PBXFileReference; lastKnownFileType = sourcecode.swift; path = AppDelegate.swift; sourceTree = "<group>"; };
		0573BF8521AD156E00CF3EF6 /* PickerViewController.swift */ = {isa = PBXFileReference; lastKnownFileType = sourcecode.swift; path = PickerViewController.swift; sourceTree = "<group>"; };
		0573BF8821AD156E00CF3EF6 /* Base */ = {isa = PBXFileReference; lastKnownFileType = file.storyboard; name = Base; path = Base.lproj/Main.storyboard; sourceTree = "<group>"; };
		0573BF8A21AD156E00CF3EF6 /* Assets.xcassets */ = {isa = PBXFileReference; lastKnownFileType = folder.assetcatalog; path = Assets.xcassets; sourceTree = "<group>"; };
		0573BF8D21AD156E00CF3EF6 /* Base */ = {isa = PBXFileReference; lastKnownFileType = file.storyboard; name = Base; path = Base.lproj/LaunchScreen.storyboard; sourceTree = "<group>"; };
		0573BF8F21AD156E00CF3EF6 /* Info.plist */ = {isa = PBXFileReference; lastKnownFileType = text.plist.xml; path = Info.plist; sourceTree = "<group>"; };
		0573BF9421AD156F00CF3EF6 /* brappleTests.xctest */ = {isa = PBXFileReference; explicitFileType = wrapper.cfbundle; includeInIndex = 0; path = brappleTests.xctest; sourceTree = BUILT_PRODUCTS_DIR; };
		0573BF9821AD156F00CF3EF6 /* brappleTests.swift */ = {isa = PBXFileReference; lastKnownFileType = sourcecode.swift; path = brappleTests.swift; sourceTree = "<group>"; };
		0573BF9A21AD156F00CF3EF6 /* Info.plist */ = {isa = PBXFileReference; lastKnownFileType = text.plist.xml; path = Info.plist; sourceTree = "<group>"; };
		0573BF9F21AD156F00CF3EF6 /* brappleUITests.xctest */ = {isa = PBXFileReference; explicitFileType = wrapper.cfbundle; includeInIndex = 0; path = brappleUITests.xctest; sourceTree = BUILT_PRODUCTS_DIR; };
		0573BFA321AD156F00CF3EF6 /* brappleUITests.swift */ = {isa = PBXFileReference; lastKnownFileType = sourcecode.swift; path = brappleUITests.swift; sourceTree = "<group>"; };
		0573BFA521AD156F00CF3EF6 /* Info.plist */ = {isa = PBXFileReference; lastKnownFileType = text.plist.xml; path = Info.plist; sourceTree = "<group>"; };
		05DED29721B475E3006D7F2B /* LogoViewController.swift */ = {isa = PBXFileReference; lastKnownFileType = sourcecode.swift; path = LogoViewController.swift; sourceTree = "<group>"; };
		05DED29921B4771F006D7F2B /* RecipeViewController.swift */ = {isa = PBXFileReference; lastKnownFileType = sourcecode.swift; path = RecipeViewController.swift; sourceTree = "<group>"; };
		52DC9DB321B53DBC0020FF7A /* PreparationViewController.swift */ = {isa = PBXFileReference; lastKnownFileType = sourcecode.swift; path = PreparationViewController.swift; sourceTree = "<group>"; };
		52DC9DB721B54B920020FF7A /* MashingTippsViewController.swift */ = {isa = PBXFileReference; lastKnownFileType = sourcecode.swift; path = MashingTippsViewController.swift; sourceTree = "<group>"; };
		52DC9DB921B54BB90020FF7A /* MashingViewController.swift */ = {isa = PBXFileReference; lastKnownFileType = sourcecode.swift; path = MashingViewController.swift; sourceTree = "<group>"; };
		52DC9DBB21B54C410020FF7A /* HopReproducingTippsViewController.swift */ = {isa = PBXFileReference; lastKnownFileType = sourcecode.swift; path = HopReproducingTippsViewController.swift; sourceTree = "<group>"; };
		52DC9DBD21B54C5A0020FF7A /* HopReproducingViewController.swift */ = {isa = PBXFileReference; lastKnownFileType = sourcecode.swift; path = HopReproducingViewController.swift; sourceTree = "<group>"; };
		52DC9DBF21B54CC70020FF7A /* FermentationViewController.swift */ = {isa = PBXFileReference; lastKnownFileType = sourcecode.swift; path = FermentationViewController.swift; sourceTree = "<group>"; };
		52DC9DC121B54CE00020FF7A /* MaturationViewController.swift */ = {isa = PBXFileReference; lastKnownFileType = sourcecode.swift; path = MaturationViewController.swift; sourceTree = "<group>"; };
		52DC9DC321B54D060020FF7A /* CompletionViewController.swift */ = {isa = PBXFileReference; lastKnownFileType = sourcecode.swift; path = CompletionViewController.swift; sourceTree = "<group>"; };
/* End PBXFileReference section */

/* Begin PBXFrameworksBuildPhase section */
		0573BF7D21AD156E00CF3EF6 /* Frameworks */ = {
			isa = PBXFrameworksBuildPhase;
			buildActionMask = 2147483647;
			files = (
			);
			runOnlyForDeploymentPostprocessing = 0;
		};
		0573BF9121AD156F00CF3EF6 /* Frameworks */ = {
			isa = PBXFrameworksBuildPhase;
			buildActionMask = 2147483647;
			files = (
			);
			runOnlyForDeploymentPostprocessing = 0;
		};
		0573BF9C21AD156F00CF3EF6 /* Frameworks */ = {
			isa = PBXFrameworksBuildPhase;
			buildActionMask = 2147483647;
			files = (
			);
			runOnlyForDeploymentPostprocessing = 0;
		};
/* End PBXFrameworksBuildPhase section */

/* Begin PBXGroup section */
		0573BF7721AD156E00CF3EF6 = {
			isa = PBXGroup;
			children = (
				0573BF8221AD156E00CF3EF6 /* brapple */,
				0573BF9721AD156F00CF3EF6 /* brappleTests */,
				0573BFA221AD156F00CF3EF6 /* brappleUITests */,
				0573BF8121AD156E00CF3EF6 /* Products */,
			);
			sourceTree = "<group>";
		};
		0573BF8121AD156E00CF3EF6 /* Products */ = {
			isa = PBXGroup;
			children = (
				0573BF8021AD156E00CF3EF6 /* brapple.app */,
				0573BF9421AD156F00CF3EF6 /* brappleTests.xctest */,
				0573BF9F21AD156F00CF3EF6 /* brappleUITests.xctest */,
			);
			name = Products;
			sourceTree = "<group>";
		};
		0573BF8221AD156E00CF3EF6 /* brapple */ = {
			isa = PBXGroup;
			children = (
				0573BF8321AD156E00CF3EF6 /* AppDelegate.swift */,
				0573BF8721AD156E00CF3EF6 /* Main.storyboard */,
				0573BF8A21AD156E00CF3EF6 /* Assets.xcassets */,
				0573BF8C21AD156E00CF3EF6 /* LaunchScreen.storyboard */,
				0573BF8F21AD156E00CF3EF6 /* Info.plist */,
				05DED29721B475E3006D7F2B /* LogoViewController.swift */,
				0573BF8521AD156E00CF3EF6 /* PickerViewController.swift */,
				05DED29921B4771F006D7F2B /* RecipeViewController.swift */,
				52DC9DB321B53DBC0020FF7A /* PreparationViewController.swift */,
				52DC9DB721B54B920020FF7A /* MashingTippsViewController.swift */,
				52DC9DB921B54BB90020FF7A /* MashingViewController.swift */,
				52DC9DBB21B54C410020FF7A /* HopReproducingTippsViewController.swift */,
				52DC9DBD21B54C5A0020FF7A /* HopReproducingViewController.swift */,
				52DC9DBF21B54CC70020FF7A /* FermentationViewController.swift */,
				52DC9DC121B54CE00020FF7A /* MaturationViewController.swift */,
				52DC9DC321B54D060020FF7A /* CompletionViewController.swift */,
			);
			path = brapple;
			sourceTree = "<group>";
		};
		0573BF9721AD156F00CF3EF6 /* brappleTests */ = {
			isa = PBXGroup;
			children = (
				0573BF9821AD156F00CF3EF6 /* brappleTests.swift */,
				0573BF9A21AD156F00CF3EF6 /* Info.plist */,
			);
			path = brappleTests;
			sourceTree = "<group>";
		};
		0573BFA221AD156F00CF3EF6 /* brappleUITests */ = {
			isa = PBXGroup;
			children = (
				0573BFA321AD156F00CF3EF6 /* brappleUITests.swift */,
				0573BFA521AD156F00CF3EF6 /* Info.plist */,
			);
			path = brappleUITests;
			sourceTree = "<group>";
		};
/* End PBXGroup section */

/* Begin PBXNativeTarget section */
		0573BF7F21AD156E00CF3EF6 /* brapple */ = {
			isa = PBXNativeTarget;
			buildConfigurationList = 0573BFA821AD156F00CF3EF6 /* Build configuration list for PBXNativeTarget "brapple" */;
			buildPhases = (
				0573BF7C21AD156E00CF3EF6 /* Sources */,
				0573BF7D21AD156E00CF3EF6 /* Frameworks */,
				0573BF7E21AD156E00CF3EF6 /* Resources */,
			);
			buildRules = (
			);
			dependencies = (
			);
			name = brapple;
			productName = brapple;
			productReference = 0573BF8021AD156E00CF3EF6 /* brapple.app */;
			productType = "com.apple.product-type.application";
		};
		0573BF9321AD156F00CF3EF6 /* brappleTests */ = {
			isa = PBXNativeTarget;
			buildConfigurationList = 0573BFAB21AD156F00CF3EF6 /* Build configuration list for PBXNativeTarget "brappleTests" */;
			buildPhases = (
				0573BF9021AD156F00CF3EF6 /* Sources */,
				0573BF9121AD156F00CF3EF6 /* Frameworks */,
				0573BF9221AD156F00CF3EF6 /* Resources */,
			);
			buildRules = (
			);
			dependencies = (
				0573BF9621AD156F00CF3EF6 /* PBXTargetDependency */,
			);
			name = brappleTests;
			productName = brappleTests;
			productReference = 0573BF9421AD156F00CF3EF6 /* brappleTests.xctest */;
			productType = "com.apple.product-type.bundle.unit-test";
		};
		0573BF9E21AD156F00CF3EF6 /* brappleUITests */ = {
			isa = PBXNativeTarget;
			buildConfigurationList = 0573BFAE21AD156F00CF3EF6 /* Build configuration list for PBXNativeTarget "brappleUITests" */;
			buildPhases = (
				0573BF9B21AD156F00CF3EF6 /* Sources */,
				0573BF9C21AD156F00CF3EF6 /* Frameworks */,
				0573BF9D21AD156F00CF3EF6 /* Resources */,
			);
			buildRules = (
			);
			dependencies = (
				0573BFA121AD156F00CF3EF6 /* PBXTargetDependency */,
			);
			name = brappleUITests;
			productName = brappleUITests;
			productReference = 0573BF9F21AD156F00CF3EF6 /* brappleUITests.xctest */;
			productType = "com.apple.product-type.bundle.ui-testing";
		};
/* End PBXNativeTarget section */

/* Begin PBXProject section */
		0573BF7821AD156E00CF3EF6 /* Project object */ = {
			isa = PBXProject;
			attributes = {
				LastSwiftUpdateCheck = 1010;
				LastUpgradeCheck = 1010;
				ORGANIZATIONNAME = "bräpple";
				TargetAttributes = {
					0573BF7F21AD156E00CF3EF6 = {
						CreatedOnToolsVersion = 10.1;
					};
					0573BF9321AD156F00CF3EF6 = {
						CreatedOnToolsVersion = 10.1;
						TestTargetID = 0573BF7F21AD156E00CF3EF6;
					};
					0573BF9E21AD156F00CF3EF6 = {
						CreatedOnToolsVersion = 10.1;
						TestTargetID = 0573BF7F21AD156E00CF3EF6;
					};
				};
			};
			buildConfigurationList = 0573BF7B21AD156E00CF3EF6 /* Build configuration list for PBXProject "brapple" */;
			compatibilityVersion = "Xcode 9.3";
			developmentRegion = en;
			hasScannedForEncodings = 0;
			knownRegions = (
				en,
				Base,
			);
			mainGroup = 0573BF7721AD156E00CF3EF6;
			productRefGroup = 0573BF8121AD156E00CF3EF6 /* Products */;
			projectDirPath = "";
			projectRoot = "";
			targets = (
				0573BF7F21AD156E00CF3EF6 /* brapple */,
				0573BF9321AD156F00CF3EF6 /* brappleTests */,
				0573BF9E21AD156F00CF3EF6 /* brappleUITests */,
			);
		};
/* End PBXProject section */

/* Begin PBXResourcesBuildPhase section */
		0573BF7E21AD156E00CF3EF6 /* Resources */ = {
			isa = PBXResourcesBuildPhase;
			buildActionMask = 2147483647;
			files = (
				0573BF8E21AD156E00CF3EF6 /* LaunchScreen.storyboard in Resources */,
				0573BF8B21AD156E00CF3EF6 /* Assets.xcassets in Resources */,
				0573BF8921AD156E00CF3EF6 /* Main.storyboard in Resources */,
			);
			runOnlyForDeploymentPostprocessing = 0;
		};
		0573BF9221AD156F00CF3EF6 /* Resources */ = {
			isa = PBXResourcesBuildPhase;
			buildActionMask = 2147483647;
			files = (
			);
			runOnlyForDeploymentPostprocessing = 0;
		};
		0573BF9D21AD156F00CF3EF6 /* Resources */ = {
			isa = PBXResourcesBuildPhase;
			buildActionMask = 2147483647;
			files = (
			);
			runOnlyForDeploymentPostprocessing = 0;
		};
/* End PBXResourcesBuildPhase section */

/* Begin PBXSourcesBuildPhase section */
		0573BF7C21AD156E00CF3EF6 /* Sources */ = {
			isa = PBXSourcesBuildPhase;
			buildActionMask = 2147483647;
			files = (
				52DC9DC021B54CC70020FF7A /* FermentationViewController.swift in Sources */,
				05DED29A21B4771F006D7F2B /* RecipeViewController.swift in Sources */,
				52DC9DC421B54D060020FF7A /* CompletionViewController.swift in Sources */,
				52DC9DB421B53DBC0020FF7A /* PreparationViewController.swift in Sources */,
				52DC9DBC21B54C410020FF7A /* HopReproducingTippsViewController.swift in Sources */,
				52DC9DBE21B54C5A0020FF7A /* HopReproducingViewController.swift in Sources */,
				52DC9DC221B54CE00020FF7A /* MaturationViewController.swift in Sources */,
				05DED29821B475E3006D7F2B /* LogoViewController.swift in Sources */,
				0573BF8621AD156E00CF3EF6 /* PickerViewController.swift in Sources */,
				52DC9DB821B54B920020FF7A /* MashingTippsViewController.swift in Sources */,
				0573BF8421AD156E00CF3EF6 /* AppDelegate.swift in Sources */,
				52DC9DBA21B54BB90020FF7A /* MashingViewController.swift in Sources */,
			);
			runOnlyForDeploymentPostprocessing = 0;
		};
		0573BF9021AD156F00CF3EF6 /* Sources */ = {
			isa = PBXSourcesBuildPhase;
			buildActionMask = 2147483647;
			files = (
				0573BF9921AD156F00CF3EF6 /* brappleTests.swift in Sources */,
			);
			runOnlyForDeploymentPostprocessing = 0;
		};
		0573BF9B21AD156F00CF3EF6 /* Sources */ = {
			isa = PBXSourcesBuildPhase;
			buildActionMask = 2147483647;
			files = (
				0573BFA421AD156F00CF3EF6 /* brappleUITests.swift in Sources */,
			);
			runOnlyForDeploymentPostprocessing = 0;
		};
/* End PBXSourcesBuildPhase section */

/* Begin PBXTargetDependency section */
		0573BF9621AD156F00CF3EF6 /* PBXTargetDependency */ = {
			isa = PBXTargetDependency;
			target = 0573BF7F21AD156E00CF3EF6 /* brapple */;
			targetProxy = 0573BF9521AD156F00CF3EF6 /* PBXContainerItemProxy */;
		};
		0573BFA121AD156F00CF3EF6 /* PBXTargetDependency */ = {
			isa = PBXTargetDependency;
			target = 0573BF7F21AD156E00CF3EF6 /* brapple */;
			targetProxy = 0573BFA021AD156F00CF3EF6 /* PBXContainerItemProxy */;
		};
/* End PBXTargetDependency section */

/* Begin PBXVariantGroup section */
		0573BF8721AD156E00CF3EF6 /* Main.storyboard */ = {
			isa = PBXVariantGroup;
			children = (
				0573BF8821AD156E00CF3EF6 /* Base */,
			);
			name = Main.storyboard;
			sourceTree = "<group>";
		};
		0573BF8C21AD156E00CF3EF6 /* LaunchScreen.storyboard */ = {
			isa = PBXVariantGroup;
			children = (
				0573BF8D21AD156E00CF3EF6 /* Base */,
			);
			name = LaunchScreen.storyboard;
			sourceTree = "<group>";
		};
/* End PBXVariantGroup section */

/* Begin XCBuildConfiguration section */
		0573BFA621AD156F00CF3EF6 /* Debug */ = {
			isa = XCBuildConfiguration;
			buildSettings = {
				ALWAYS_SEARCH_USER_PATHS = NO;
				CLANG_ANALYZER_NONNULL = YES;
				CLANG_ANALYZER_NUMBER_OBJECT_CONVERSION = YES_AGGRESSIVE;
				CLANG_CXX_LANGUAGE_STANDARD = "gnu++14";
				CLANG_CXX_LIBRARY = "libc++";
				CLANG_ENABLE_MODULES = YES;
				CLANG_ENABLE_OBJC_ARC = YES;
				CLANG_ENABLE_OBJC_WEAK = YES;
				CLANG_WARN_BLOCK_CAPTURE_AUTORELEASING = YES;
				CLANG_WARN_BOOL_CONVERSION = YES;
				CLANG_WARN_COMMA = YES;
				CLANG_WARN_CONSTANT_CONVERSION = YES;
				CLANG_WARN_DEPRECATED_OBJC_IMPLEMENTATIONS = YES;
				CLANG_WARN_DIRECT_OBJC_ISA_USAGE = YES_ERROR;
				CLANG_WARN_DOCUMENTATION_COMMENTS = YES;
				CLANG_WARN_EMPTY_BODY = YES;
				CLANG_WARN_ENUM_CONVERSION = YES;
				CLANG_WARN_INFINITE_RECURSION = YES;
				CLANG_WARN_INT_CONVERSION = YES;
				CLANG_WARN_NON_LITERAL_NULL_CONVERSION = YES;
				CLANG_WARN_OBJC_IMPLICIT_RETAIN_SELF = YES;
				CLANG_WARN_OBJC_LITERAL_CONVERSION = YES;
				CLANG_WARN_OBJC_ROOT_CLASS = YES_ERROR;
				CLANG_WARN_RANGE_LOOP_ANALYSIS = YES;
				CLANG_WARN_STRICT_PROTOTYPES = YES;
				CLANG_WARN_SUSPICIOUS_MOVE = YES;
				CLANG_WARN_UNGUARDED_AVAILABILITY = YES_AGGRESSIVE;
				CLANG_WARN_UNREACHABLE_CODE = YES;
				CLANG_WARN__DUPLICATE_METHOD_MATCH = YES;
				CODE_SIGN_IDENTITY = "iPhone Developer";
				COPY_PHASE_STRIP = NO;
				DEBUG_INFORMATION_FORMAT = dwarf;
				ENABLE_STRICT_OBJC_MSGSEND = YES;
				ENABLE_TESTABILITY = YES;
				GCC_C_LANGUAGE_STANDARD = gnu11;
				GCC_DYNAMIC_NO_PIC = NO;
				GCC_NO_COMMON_BLOCKS = YES;
				GCC_OPTIMIZATION_LEVEL = 0;
				GCC_PREPROCESSOR_DEFINITIONS = (
					"DEBUG=1",
					"$(inherited)",
				);
				GCC_WARN_64_TO_32_BIT_CONVERSION = YES;
				GCC_WARN_ABOUT_RETURN_TYPE = YES_ERROR;
				GCC_WARN_UNDECLARED_SELECTOR = YES;
				GCC_WARN_UNINITIALIZED_AUTOS = YES_AGGRESSIVE;
				GCC_WARN_UNUSED_FUNCTION = YES;
				GCC_WARN_UNUSED_VARIABLE = YES;
				IPHONEOS_DEPLOYMENT_TARGET = 12.1;
				MTL_ENABLE_DEBUG_INFO = INCLUDE_SOURCE;
				MTL_FAST_MATH = YES;
				ONLY_ACTIVE_ARCH = YES;
				SDKROOT = iphoneos;
				SWIFT_ACTIVE_COMPILATION_CONDITIONS = DEBUG;
				SWIFT_OPTIMIZATION_LEVEL = "-Onone";
			};
			name = Debug;
		};
		0573BFA721AD156F00CF3EF6 /* Release */ = {
			isa = XCBuildConfiguration;
			buildSettings = {
				ALWAYS_SEARCH_USER_PATHS = NO;
				CLANG_ANALYZER_NONNULL = YES;
				CLANG_ANALYZER_NUMBER_OBJECT_CONVERSION = YES_AGGRESSIVE;
				CLANG_CXX_LANGUAGE_STANDARD = "gnu++14";
				CLANG_CXX_LIBRARY = "libc++";
				CLANG_ENABLE_MODULES = YES;
				CLANG_ENABLE_OBJC_ARC = YES;
				CLANG_ENABLE_OBJC_WEAK = YES;
				CLANG_WARN_BLOCK_CAPTURE_AUTORELEASING = YES;
				CLANG_WARN_BOOL_CONVERSION = YES;
				CLANG_WARN_COMMA = YES;
				CLANG_WARN_CONSTANT_CONVERSION = YES;
				CLANG_WARN_DEPRECATED_OBJC_IMPLEMENTATIONS = YES;
				CLANG_WARN_DIRECT_OBJC_ISA_USAGE = YES_ERROR;
				CLANG_WARN_DOCUMENTATION_COMMENTS = YES;
				CLANG_WARN_EMPTY_BODY = YES;
				CLANG_WARN_ENUM_CONVERSION = YES;
				CLANG_WARN_INFINITE_RECURSION = YES;
				CLANG_WARN_INT_CONVERSION = YES;
				CLANG_WARN_NON_LITERAL_NULL_CONVERSION = YES;
				CLANG_WARN_OBJC_IMPLICIT_RETAIN_SELF = YES;
				CLANG_WARN_OBJC_LITERAL_CONVERSION = YES;
				CLANG_WARN_OBJC_ROOT_CLASS = YES_ERROR;
				CLANG_WARN_RANGE_LOOP_ANALYSIS = YES;
				CLANG_WARN_STRICT_PROTOTYPES = YES;
				CLANG_WARN_SUSPICIOUS_MOVE = YES;
				CLANG_WARN_UNGUARDED_AVAILABILITY = YES_AGGRESSIVE;
				CLANG_WARN_UNREACHABLE_CODE = YES;
				CLANG_WARN__DUPLICATE_METHOD_MATCH = YES;
				CODE_SIGN_IDENTITY = "iPhone Developer";
				COPY_PHASE_STRIP = NO;
				DEBUG_INFORMATION_FORMAT = "dwarf-with-dsym";
				ENABLE_NS_ASSERTIONS = NO;
				ENABLE_STRICT_OBJC_MSGSEND = YES;
				GCC_C_LANGUAGE_STANDARD = gnu11;
				GCC_NO_COMMON_BLOCKS = YES;
				GCC_WARN_64_TO_32_BIT_CONVERSION = YES;
				GCC_WARN_ABOUT_RETURN_TYPE = YES_ERROR;
				GCC_WARN_UNDECLARED_SELECTOR = YES;
				GCC_WARN_UNINITIALIZED_AUTOS = YES_AGGRESSIVE;
				GCC_WARN_UNUSED_FUNCTION = YES;
				GCC_WARN_UNUSED_VARIABLE = YES;
				IPHONEOS_DEPLOYMENT_TARGET = 12.1;
				MTL_ENABLE_DEBUG_INFO = NO;
				MTL_FAST_MATH = YES;
				SDKROOT = iphoneos;
				SWIFT_COMPILATION_MODE = wholemodule;
				SWIFT_OPTIMIZATION_LEVEL = "-O";
				VALIDATE_PRODUCT = YES;
			};
			name = Release;
		};
		0573BFA921AD156F00CF3EF6 /* Debug */ = {
			isa = XCBuildConfiguration;
			buildSettings = {
				ASSETCATALOG_COMPILER_APPICON_NAME = AppIcon;
				CODE_SIGN_STYLE = Automatic;
				INFOPLIST_FILE = brapple/Info.plist;
				IPHONEOS_DEPLOYMENT_TARGET = 12.0;
				LD_RUNPATH_SEARCH_PATHS = (
					"$(inherited)",
					"@executable_path/Frameworks",
				);
				PRODUCT_BUNDLE_IDENTIFIER = ch.hslu.ios.hs18.brapple;
				PRODUCT_NAME = "$(TARGET_NAME)";
				SWIFT_VERSION = 4.2;
				TARGETED_DEVICE_FAMILY = "1,2";
			};
			name = Debug;
		};
		0573BFAA21AD156F00CF3EF6 /* Release */ = {
			isa = XCBuildConfiguration;
			buildSettings = {
				ASSETCATALOG_COMPILER_APPICON_NAME = AppIcon;
				CODE_SIGN_STYLE = Automatic;
				INFOPLIST_FILE = brapple/Info.plist;
				IPHONEOS_DEPLOYMENT_TARGET = 12.0;
				LD_RUNPATH_SEARCH_PATHS = (
					"$(inherited)",
					"@executable_path/Frameworks",
				);
				PRODUCT_BUNDLE_IDENTIFIER = ch.hslu.ios.hs18.brapple;
				PRODUCT_NAME = "$(TARGET_NAME)";
				SWIFT_VERSION = 4.2;
				TARGETED_DEVICE_FAMILY = "1,2";
			};
			name = Release;
		};
		0573BFAC21AD156F00CF3EF6 /* Debug */ = {
			isa = XCBuildConfiguration;
			buildSettings = {
				ALWAYS_EMBED_SWIFT_STANDARD_LIBRARIES = YES;
				BUNDLE_LOADER = "$(TEST_HOST)";
				CODE_SIGN_STYLE = Automatic;
				INFOPLIST_FILE = brappleTests/Info.plist;
				IPHONEOS_DEPLOYMENT_TARGET = 12.0;
				LD_RUNPATH_SEARCH_PATHS = (
					"$(inherited)",
					"@executable_path/Frameworks",
					"@loader_path/Frameworks",
				);
				PRODUCT_BUNDLE_IDENTIFIER = ch.hslu.ios.hs18.brappleTests;
				PRODUCT_NAME = "$(TARGET_NAME)";
				SWIFT_COMPILATION_MODE = singlefile;
				SWIFT_VERSION = 4.2;
				TARGETED_DEVICE_FAMILY = "1,2";
				TEST_HOST = "$(BUILT_PRODUCTS_DIR)/brapple.app/brapple";
			};
			name = Debug;
		};
		0573BFAD21AD156F00CF3EF6 /* Release */ = {
			isa = XCBuildConfiguration;
			buildSettings = {
				ALWAYS_EMBED_SWIFT_STANDARD_LIBRARIES = YES;
				BUNDLE_LOADER = "$(TEST_HOST)";
				CODE_SIGN_STYLE = Automatic;
				INFOPLIST_FILE = brappleTests/Info.plist;
				IPHONEOS_DEPLOYMENT_TARGET = 12.0;
				LD_RUNPATH_SEARCH_PATHS = (
					"$(inherited)",
					"@executable_path/Frameworks",
					"@loader_path/Frameworks",
				);
				PRODUCT_BUNDLE_IDENTIFIER = ch.hslu.ios.hs18.brappleTests;
				PRODUCT_NAME = "$(TARGET_NAME)";
				SWIFT_VERSION = 4.2;
				TARGETED_DEVICE_FAMILY = "1,2";
				TEST_HOST = "$(BUILT_PRODUCTS_DIR)/brapple.app/brapple";
			};
			name = Release;
		};
		0573BFAF21AD156F00CF3EF6 /* Debug */ = {
			isa = XCBuildConfiguration;
			buildSettings = {
				ALWAYS_EMBED_SWIFT_STANDARD_LIBRARIES = YES;
				CODE_SIGN_STYLE = Automatic;
				INFOPLIST_FILE = brappleUITests/Info.plist;
				IPHONEOS_DEPLOYMENT_TARGET = 12.0;
				LD_RUNPATH_SEARCH_PATHS = (
					"$(inherited)",
					"@executable_path/Frameworks",
					"@loader_path/Frameworks",
				);
				PRODUCT_BUNDLE_IDENTIFIER = ch.hslu.ios.hs18.brappleUITests;
				PRODUCT_NAME = "$(TARGET_NAME)";
				SWIFT_VERSION = 4.2;
				TARGETED_DEVICE_FAMILY = "1,2";
				TEST_TARGET_NAME = brapple;
			};
			name = Debug;
		};
		0573BFB021AD156F00CF3EF6 /* Release */ = {
			isa = XCBuildConfiguration;
			buildSettings = {
				ALWAYS_EMBED_SWIFT_STANDARD_LIBRARIES = YES;
				CODE_SIGN_STYLE = Automatic;
				INFOPLIST_FILE = brappleUITests/Info.plist;
				IPHONEOS_DEPLOYMENT_TARGET = 12.0;
				LD_RUNPATH_SEARCH_PATHS = (
					"$(inherited)",
					"@executable_path/Frameworks",
					"@loader_path/Frameworks",
				);
				PRODUCT_BUNDLE_IDENTIFIER = ch.hslu.ios.hs18.brappleUITests;
				PRODUCT_NAME = "$(TARGET_NAME)";
				SWIFT_VERSION = 4.2;
				TARGETED_DEVICE_FAMILY = "1,2";
				TEST_TARGET_NAME = brapple;
			};
			name = Release;
		};
/* End XCBuildConfiguration section */

/* Begin XCConfigurationList section */
		0573BF7B21AD156E00CF3EF6 /* Build configuration list for PBXProject "brapple" */ = {
			isa = XCConfigurationList;
			buildConfigurations = (
				0573BFA621AD156F00CF3EF6 /* Debug */,
				0573BFA721AD156F00CF3EF6 /* Release */,
			);
			defaultConfigurationIsVisible = 0;
			defaultConfigurationName = Release;
		};
		0573BFA821AD156F00CF3EF6 /* Build configuration list for PBXNativeTarget "brapple" */ = {
			isa = XCConfigurationList;
			buildConfigurations = (
				0573BFA921AD156F00CF3EF6 /* Debug */,
				0573BFAA21AD156F00CF3EF6 /* Release */,
			);
			defaultConfigurationIsVisible = 0;
			defaultConfigurationName = Release;
		};
		0573BFAB21AD156F00CF3EF6 /* Build configuration list for PBXNativeTarget "brappleTests" */ = {
			isa = XCConfigurationList;
			buildConfigurations = (
				0573BFAC21AD156F00CF3EF6 /* Debug */,
				0573BFAD21AD156F00CF3EF6 /* Release */,
			);
			defaultConfigurationIsVisible = 0;
			defaultConfigurationName = Release;
		};
		0573BFAE21AD156F00CF3EF6 /* Build configuration list for PBXNativeTarget "brappleUITests" */ = {
			isa = XCConfigurationList;
			buildConfigurations = (
				0573BFAF21AD156F00CF3EF6 /* Debug */,
				0573BFB021AD156F00CF3EF6 /* Release */,
			);
			defaultConfigurationIsVisible = 0;
			defaultConfigurationName = Release;
		};
/* End XCConfigurationList section */
	};
	rootObject = 0573BF7821AD156E00CF3EF6 /* Project object */;
}
